
Microsoft Visual Studio Solution File, Format Version 12.00
# Visual Studio Version 17
VisualStudioVersion = 17.11.35327.3
MinimumVisualStudioVersion = 10.0.40219.1
Project("{FAE04EC0-301F-11D3-BF4B-00C04F79EFBC}") = "Численные_Методы_Симпсон(Гомер)", "Численные_Методы_Симпсон(Гомер)\Численные_Методы_Симпсон(Гомер).csproj", "{C0029B00-EBE6-4A72-8E38-D25C9AD07B63}"
EndProject
Global
	GlobalSection(SolutionConfigurationPlatforms) = preSolution
		Debug|Any CPU = Debug|Any CPU
		Release|Any CPU = Release|Any CPU
	EndGlobalSection
	GlobalSection(ProjectConfigurationPlatforms) = postSolution
		{C0029B00-EBE6-4A72-8E38-D25C9AD07B63}.Debug|Any CPU.ActiveCfg = Debug|Any CPU
		{C0029B00-EBE6-4A72-8E38-D25C9AD07B63}.Debug|Any CPU.Build.0 = Debug|Any CPU
		{C0029B00-EBE6-4A72-8E38-D25C9AD07B63}.Release|Any CPU.ActiveCfg = Release|Any CPU
		{C0029B00-EBE6-4A72-8E38-D25C9AD07B63}.Release|Any CPU.Build.0 = Release|Any CPU
	EndGlobalSection
	GlobalSection(SolutionProperties) = preSolution
		HideSolutionNode = FALSE
	EndGlobalSection
	GlobalSection(ExtensibilityGlobals) = postSolution
		SolutionGuid = {DA747493-35AC-40AB-ADC5-58704D8ACAB7}
	EndGlobalSection
EndGlobal
